{
  "name": "dev",
  "version": "1.0.0",
  "lockfileVersion": 1,
  "requires": true,
  "dependencies": {
    "s": {
      "version": "1.0.0",
      "resolved": "https://registry.npmjs.org/s/-/s-1.0.0.tgz",
      "integrity": "sha512-Tz63UXhdEBvvIV6Q0a+AV2Dx1TPq+vVWNYBxyCT9TG0uqn9kySwFTjfq3C1YuGBRwYtt9Tof11L6GCKi88foqw=="
    },
    "underscore": {
      "version": "1.12.1",
      "resolved": "https://registry.npmjs.org/underscore/-/underscore-1.12.1.tgz",
      "integrity": "sha512-hEQt0+ZLDVUMhebKxL4x1BTtDY7bavVofhZ9KZ4aI26X9SRaE+Y3m83XUL1UP2jn8ynjndwCCpEHdUG+9pP1Tw=="
    }
  }
}
